
Microsoft Visual Studio Solution File, Format Version 12.00
# Visual Studio 15
VisualStudioVersion = 15.0.26228.4
MinimumVisualStudioVersion = 10.0.40219.1
Project("{FAE04EC0-301F-11D3-BF4B-00C04F79EFBC}") = "GetLabourManager", "GetLabourManager\GetLabourManager.csproj", "{42912F22-151E-44A5-8318-448E636A24BB}"
EndProject
Global
	GlobalSection(SolutionConfigurationPlatforms) = preSolution
		Debug|Any CPU = Debug|Any CPU
		Release|Any CPU = Release|Any CPU
	EndGlobalSection
	GlobalSection(ProjectConfigurationPlatforms) = postSolution
		{42912F22-151E-44A5-8318-448E636A24BB}.Debug|Any CPU.ActiveCfg = Debug|Any CPU
		{42912F22-151E-44A5-8318-448E636A24BB}.Debug|Any CPU.Build.0 = Debug|Any CPU
		{42912F22-151E-44A5-8318-448E636A24BB}.Release|Any CPU.ActiveCfg = Release|Any CPU
		{42912F22-151E-44A5-8318-448E636A24BB}.Release|Any CPU.Build.0 = Release|Any CPU
	EndGlobalSection
	GlobalSection(SolutionProperties) = preSolution
		HideSolutionNode = FALSE
	EndGlobalSection
EndGlobal
